
Microsoft Visual Studio Solution File, Format Version 12.00
# Visual Studio Version 16
VisualStudioVersion = 16.0.30804.86
MinimumVisualStudioVersion = 10.0.40219.1
Project("{FAE04EC0-301F-11D3-BF4B-00C04F79EFBC}") = "VinGenericDelegates", "VinGenericDelegates.csproj", "{67DEB04A-1BED-4AD7-B030-205F75EFC26E}"
EndProject
Global
	GlobalSection(SolutionConfigurationPlatforms) = preSolution
		Debug|Any CPU = Debug|Any CPU
		Release|Any CPU = Release|Any CPU
	EndGlobalSection
	GlobalSection(ProjectConfigurationPlatforms) = postSolution
		{67DEB04A-1BED-4AD7-B030-205F75EFC26E}.Debug|Any CPU.ActiveCfg = Debug|Any CPU
		{67DEB04A-1BED-4AD7-B030-205F75EFC26E}.Debug|Any CPU.Build.0 = Debug|Any CPU
		{67DEB04A-1BED-4AD7-B030-205F75EFC26E}.Release|Any CPU.ActiveCfg = Release|Any CPU
		{67DEB04A-1BED-4AD7-B030-205F75EFC26E}.Release|Any CPU.Build.0 = Release|Any CPU
	EndGlobalSection
	GlobalSection(SolutionProperties) = preSolution
		HideSolutionNode = FALSE
	EndGlobalSection
	GlobalSection(ExtensibilityGlobals) = postSolution
		SolutionGuid = {C530F682-F065-4450-B47D-246C8F75BC6B}
	EndGlobalSection
EndGlobal
